
Microsoft Visual Studio Solution File, Format Version 12.00
Project("{2150E333-8FDC-42A3-9474-1A3956D46DE8}") = "src", "src", "{038F71CF-86CC-4EB5-90F7-A7CE64155BC8}"
EndProject
Project("{2150E333-8FDC-42A3-9474-1A3956D46DE8}") = "common", "common", "{CB7CC443-CEB3-43E4-8130-6113E39F2FDA}"
ProjectSection(SolutionItems) = preProject
	README.md = README.md
	.gitignore = .gitignore
	Dockerfile = Dockerfile
EndProjectSection
EndProject
Project("{2150E333-8FDC-42A3-9474-1A3956D46DE8}") = "tests", "tests", "{738B6B09-AF69-4FA8-8132-474165F48763}"
EndProject
Project("{2150E333-8FDC-42A3-9474-1A3956D46DE8}") = "deploy", "deploy", "{3F683391-333F-4A42-A4F1-04E96F382F7A}"
ProjectSection(SolutionItems) = preProject
	deploy\docker-compose.yml = deploy\docker-compose.yml
EndProjectSection
EndProject
Project("{FAE04EC0-301F-11D3-BF4B-00C04F79EFBC}") = "OzonEdu.MerchApi", "src\OzonEdu.MerchApi\OzonEdu.MerchApi.csproj", "{BCE96ABC-36FB-42CE-BABD-FFCC10F623F8}"
EndProject
Project("{FAE04EC0-301F-11D3-BF4B-00C04F79EFBC}") = "OzonEdu.MerchApi.HttpClient", "src\OzonEdu.MerchApi.HttpClient\OzonEdu.MerchApi.HttpClient.csproj", "{A8F7B2B1-D445-4DE2-A785-8C6B8E4DF5CD}"
EndProject
Project("{FAE04EC0-301F-11D3-BF4B-00C04F79EFBC}") = "OzonEdu.MerchApi.HttpModels", "src\OzonEdu.MerchApi.HttpModels\OzonEdu.MerchApi.HttpModels.csproj", "{81360D62-D82D-443E-B1F5-E1D7FA65F853}"
EndProject
Project("{FAE04EC0-301F-11D3-BF4B-00C04F79EFBC}") = "OzonEdu.MerchApi.Grpc", "src\OzonEdu.MerchApi.Grpc\OzonEdu.MerchApi.Grpc.csproj", "{BB0BD6A4-25F4-48AE-9547-0BEFDB7C5351}"
EndProject
Project("{FAE04EC0-301F-11D3-BF4B-00C04F79EFBC}") = "OzonEdu.Platform", "src\OzonEdu.Platform\OzonEdu.Platform.csproj", "{017AA00C-52DA-4F22-87CD-8974B2C34243}"
EndProject
Project("{FAE04EC0-301F-11D3-BF4B-00C04F79EFBC}") = "OzonEdu.MerchApi.Domain", "src\OzonEdu.MerchApi.Domain\OzonEdu.MerchApi.Domain.csproj", "{2B9FDFF4-3DFE-4EDD-A993-9694336A54FC}"
EndProject
Project("{FAE04EC0-301F-11D3-BF4B-00C04F79EFBC}") = "OzonEdu.MerchApi.Infrastructure", "src\OzonEdu.MerchApi.Infrastructure\OzonEdu.MerchApi.Infrastructure.csproj", "{FF0C5847-D24F-451E-8A90-C36910FB0401}"
EndProject
Global
	GlobalSection(SolutionConfigurationPlatforms) = preSolution
		Debug|Any CPU = Debug|Any CPU
		Release|Any CPU = Release|Any CPU
	EndGlobalSection
	GlobalSection(NestedProjects) = preSolution
		{BCE96ABC-36FB-42CE-BABD-FFCC10F623F8} = {038F71CF-86CC-4EB5-90F7-A7CE64155BC8}
		{A8F7B2B1-D445-4DE2-A785-8C6B8E4DF5CD} = {038F71CF-86CC-4EB5-90F7-A7CE64155BC8}
		{81360D62-D82D-443E-B1F5-E1D7FA65F853} = {038F71CF-86CC-4EB5-90F7-A7CE64155BC8}
		{BB0BD6A4-25F4-48AE-9547-0BEFDB7C5351} = {038F71CF-86CC-4EB5-90F7-A7CE64155BC8}
		{017AA00C-52DA-4F22-87CD-8974B2C34243} = {038F71CF-86CC-4EB5-90F7-A7CE64155BC8}
		{2B9FDFF4-3DFE-4EDD-A993-9694336A54FC} = {038F71CF-86CC-4EB5-90F7-A7CE64155BC8}
		{FF0C5847-D24F-451E-8A90-C36910FB0401} = {038F71CF-86CC-4EB5-90F7-A7CE64155BC8}
	EndGlobalSection
	GlobalSection(ProjectConfigurationPlatforms) = postSolution
		{BCE96ABC-36FB-42CE-BABD-FFCC10F623F8}.Debug|Any CPU.ActiveCfg = Debug|Any CPU
		{BCE96ABC-36FB-42CE-BABD-FFCC10F623F8}.Debug|Any CPU.Build.0 = Debug|Any CPU
		{BCE96ABC-36FB-42CE-BABD-FFCC10F623F8}.Release|Any CPU.ActiveCfg = Release|Any CPU
		{BCE96ABC-36FB-42CE-BABD-FFCC10F623F8}.Release|Any CPU.Build.0 = Release|Any CPU
		{A8F7B2B1-D445-4DE2-A785-8C6B8E4DF5CD}.Debug|Any CPU.ActiveCfg = Debug|Any CPU
		{A8F7B2B1-D445-4DE2-A785-8C6B8E4DF5CD}.Debug|Any CPU.Build.0 = Debug|Any CPU
		{A8F7B2B1-D445-4DE2-A785-8C6B8E4DF5CD}.Release|Any CPU.ActiveCfg = Release|Any CPU
		{A8F7B2B1-D445-4DE2-A785-8C6B8E4DF5CD}.Release|Any CPU.Build.0 = Release|Any CPU
		{81360D62-D82D-443E-B1F5-E1D7FA65F853}.Debug|Any CPU.ActiveCfg = Debug|Any CPU
		{81360D62-D82D-443E-B1F5-E1D7FA65F853}.Debug|Any CPU.Build.0 = Debug|Any CPU
		{81360D62-D82D-443E-B1F5-E1D7FA65F853}.Release|Any CPU.ActiveCfg = Release|Any CPU
		{81360D62-D82D-443E-B1F5-E1D7FA65F853}.Release|Any CPU.Build.0 = Release|Any CPU
		{BB0BD6A4-25F4-48AE-9547-0BEFDB7C5351}.Debug|Any CPU.ActiveCfg = Debug|Any CPU
		{BB0BD6A4-25F4-48AE-9547-0BEFDB7C5351}.Debug|Any CPU.Build.0 = Debug|Any CPU
		{BB0BD6A4-25F4-48AE-9547-0BEFDB7C5351}.Release|Any CPU.ActiveCfg = Release|Any CPU
		{BB0BD6A4-25F4-48AE-9547-0BEFDB7C5351}.Release|Any CPU.Build.0 = Release|Any CPU
		{017AA00C-52DA-4F22-87CD-8974B2C34243}.Debug|Any CPU.ActiveCfg = Debug|Any CPU
		{017AA00C-52DA-4F22-87CD-8974B2C34243}.Debug|Any CPU.Build.0 = Debug|Any CPU
		{017AA00C-52DA-4F22-87CD-8974B2C34243}.Release|Any CPU.ActiveCfg = Release|Any CPU
		{017AA00C-52DA-4F22-87CD-8974B2C34243}.Release|Any CPU.Build.0 = Release|Any CPU
		{2B9FDFF4-3DFE-4EDD-A993-9694336A54FC}.Debug|Any CPU.ActiveCfg = Debug|Any CPU
		{2B9FDFF4-3DFE-4EDD-A993-9694336A54FC}.Debug|Any CPU.Build.0 = Debug|Any CPU
		{2B9FDFF4-3DFE-4EDD-A993-9694336A54FC}.Release|Any CPU.ActiveCfg = Release|Any CPU
		{2B9FDFF4-3DFE-4EDD-A993-9694336A54FC}.Release|Any CPU.Build.0 = Release|Any CPU
		{FF0C5847-D24F-451E-8A90-C36910FB0401}.Debug|Any CPU.ActiveCfg = Debug|Any CPU
		{FF0C5847-D24F-451E-8A90-C36910FB0401}.Debug|Any CPU.Build.0 = Debug|Any CPU
		{FF0C5847-D24F-451E-8A90-C36910FB0401}.Release|Any CPU.ActiveCfg = Release|Any CPU
		{FF0C5847-D24F-451E-8A90-C36910FB0401}.Release|Any CPU.Build.0 = Release|Any CPU
	EndGlobalSection
EndGlobal
